PODS:
  - CRNotifications (1.2.1)

DEPENDENCIES:
  - CRNotifications (from `https://github.com/dkcas11/CRNotifications.git`)

EXTERNAL SOURCES:
  CRNotifications:
    :git: https://github.com/dkcas11/CRNotifications.git

CHECKOUT OPTIONS:
  CRNotifications:
    :commit: 3e188b4818c43dd285bdf286a7eba490a6709136
    :git: https://github.com/dkcas11/CRNotifications.git

SPEC CHECKSUMS:
  CRNotifications: 2799786cb63e104c75699843d8928afd680182f3

PODFILE CHECKSUM: 51b3836ccd3ca35da4752bb3df4d5c8cba9af77d

COCOAPODS: 1.16.2
